{
  "version": 4,
  "terraform_version": "1.11.4",
  "serial": 24,
  "lineage": "9003cb2e-46e7-1f2f-f47f-50ba45509cf8",
  "outputs": {},
  "resources": [
    {
      "mode": "managed",
      "type": "google_storage_bucket",
      "name": "static",
      "provider": "provider[\"registry.terraform.io/hashicorp/google\"]",
      "instances": [
        {
          "schema_version": 3,
          "attributes": {
            "autoclass": [],
            "cors": [],
            "custom_placement_config": [],
            "default_event_based_hold": false,
            "effective_labels": {
              "goog-terraform-provisioned": "true"
            },
            "enable_object_retention": false,
            "encryption": [],
            "force_destroy": true,
            "hierarchical_namespace": [
              {
                "enabled": false
              }
            ],
            "id": "temp-bucket-01936b24",
            "labels": null,
            "lifecycle_rule": [
              {
                "action": [
                  {
                    "storage_class": "",
                    "type": "Delete"
                  }
                ],
                "condition": [
                  {
                    "age": 3,
                    "created_before": "",
                    "custom_time_before": "",
                    "days_since_custom_time": 0,
                    "days_since_noncurrent_time": 0,
                    "matches_prefix": [],
                    "matches_storage_class": [],
                    "matches_suffix": [],
                    "noncurrent_time_before": "",
                    "num_newer_versions": 0,
                    "send_age_if_zero": false,
                    "send_days_since_custom_time_if_zero": false,
                    "send_days_since_noncurrent_time_if_zero": false,
                    "send_num_newer_versions_if_zero": false,
                    "with_state": "ANY"
                  }
                ]
              }
            ],
            "location": "ASIA-SOUTH2",
            "logging": [],
            "name": "temp-bucket-01936b24",
            "project": "concise-base-454512-t2",
            "project_number": 109885126656,
            "public_access_prevention": "inherited",
            "requester_pays": false,
            "retention_policy": [],
            "rpo": null,
            "self_link": "https://www.googleapis.com/storage/v1/b/temp-bucket-01936b24",
            "soft_delete_policy": [
              {
                "effective_time": "2025-05-10T09:56:50.138Z",
                "retention_duration_seconds": 604800
              }
            ],
            "storage_class": "STANDARD",
            "terraform_labels": {
              "goog-terraform-provisioned": "true"
            },
            "time_created": "2025-05-10T09:56:50.138Z",
            "timeouts": null,
            "uniform_bucket_level_access": true,
            "updated": "2025-05-10T09:56:50.138Z",
            "url": "gs://temp-bucket-01936b24",
            "versioning": [],
            "website": []
          },
          "sensitive_attributes": [],
          "private": "eyJlMmJmYjczMC1lY2FhLTExZTYtOGY4OC0zNDM2M2JjN2M0YzAiOnsiY3JlYXRlIjo2MDAwMDAwMDAwMDAsInJlYWQiOjI0MDAwMDAwMDAwMCwidXBkYXRlIjoyNDAwMDAwMDAwMDB9LCJzY2hlbWFfdmVyc2lvbiI6IjMifQ==",
          "dependencies": [
            "random_id.suffix"
          ]
        }
      ]
    },
    {
      "mode": "managed",
      "type": "google_storage_bucket_object",
      "name": "demo",
      "provider": "provider[\"registry.terraform.io/hashicorp/google\"]",
      "instances": [
        {
          "schema_version": 0,
          "attributes": {
            "bucket": "temp-bucket-01936b24",
            "cache_control": "",
            "content": null,
            "content_disposition": "",
            "content_encoding": "",
            "content_language": "",
            "content_type": "text/plain",
            "crc32c": "Md8aQA==",
            "customer_encryption": [],
            "detect_md5hash": "0fEVOIqY8YJp7ELVVTs2dQ==",
            "event_based_hold": false,
            "generation": 1746871012016949,
            "id": "temp-bucket-01936b24-samplefile.txt",
            "kms_key_name": "",
            "md5hash": "0fEVOIqY8YJp7ELVVTs2dQ==",
            "md5hexhash": "d1f115388a98f18269ec42d5553b3675",
            "media_link": "https://storage.googleapis.com/download/storage/v1/b/temp-bucket-01936b24/o/samplefile.txt?generation=1746871012016949\u0026alt=media",
            "metadata": null,
            "name": "samplefile.txt",
            "output_name": "samplefile.txt",
            "retention": [],
            "self_link": "https://www.googleapis.com/storage/v1/b/temp-bucket-01936b24/o/samplefile.txt",
            "source": "/home/dev/work/projects/video-transcode/tests/sample.txt",
            "storage_class": "STANDARD",
            "temporary_hold": false,
            "timeouts": null
          },
          "sensitive_attributes": [
            [
              {
                "type": "get_attr",
                "value": "content"
              }
            ]
          ],
          "private": "eyJlMmJmYjczMC1lY2FhLTExZTYtOGY4OC0zNDM2M2JjN2M0YzAiOnsiY3JlYXRlIjoyNDAwMDAwMDAwMDAsImRlbGV0ZSI6MjQwMDAwMDAwMDAwLCJ1cGRhdGUiOjI0MDAwMDAwMDAwMH19",
          "dependencies": [
            "google_storage_bucket.static",
            "random_id.suffix"
          ]
        }
      ]
    },
    {
      "mode": "managed",
      "type": "random_id",
      "name": "suffix",
      "provider": "provider[\"registry.terraform.io/hashicorp/random\"]",
      "instances": [
        {
          "schema_version": 0,
          "attributes": {
            "b64_std": "AZNrJA==",
            "b64_url": "AZNrJA",
            "byte_length": 4,
            "dec": "26438436",
            "hex": "01936b24",
            "id": "AZNrJA",
            "keepers": null,
            "prefix": null
          },
          "sensitive_attributes": []
        }
      ]
    }
  ],
  "check_results": null
}
